
Microsoft Visual Studio Solution File, Format Version 12.00
# Visual Studio 15
VisualStudioVersion = 15.0.26730.8
MinimumVisualStudioVersion = 10.0.40219.1
Project("{FAE04EC0-301F-11D3-BF4B-00C04F79EFBC}") = "PiPlateRelay", "PiPlateRelay\PiPlateRelay.csproj", "{75040A9C-4008-487E-8027-2FEDEE191302}"
EndProject
Project("{FAE04EC0-301F-11D3-BF4B-00C04F79EFBC}") = "PiPlateRelay.Tests", "PiPlateRelay.Tests\PiPlateRelay.Tests.csproj", "{CB9306A1-A4F9-4473-B8D7-95ADE2B3A0F2}"
EndProject
Global
	GlobalSection(SolutionConfigurationPlatforms) = preSolution
		Debug|Any CPU = Debug|Any CPU
		Debug|ARM = Debug|ARM
		Debug|x64 = Debug|x64
		Debug|x86 = Debug|x86
		Release|Any CPU = Release|Any CPU
		Release|ARM = Release|ARM
		Release|x64 = Release|x64
		Release|x86 = Release|x86
	EndGlobalSection
	GlobalSection(ProjectConfigurationPlatforms) = postSolution
		{75040A9C-4008-487E-8027-2FEDEE191302}.Debug|Any CPU.ActiveCfg = Debug|Any CPU
		{75040A9C-4008-487E-8027-2FEDEE191302}.Debug|Any CPU.Build.0 = Debug|Any CPU
		{75040A9C-4008-487E-8027-2FEDEE191302}.Debug|ARM.ActiveCfg = Debug|ARM
		{75040A9C-4008-487E-8027-2FEDEE191302}.Debug|ARM.Build.0 = Debug|ARM
		{75040A9C-4008-487E-8027-2FEDEE191302}.Debug|x64.ActiveCfg = Debug|x64
		{75040A9C-4008-487E-8027-2FEDEE191302}.Debug|x64.Build.0 = Debug|x64
		{75040A9C-4008-487E-8027-2FEDEE191302}.Debug|x86.ActiveCfg = Debug|x86
		{75040A9C-4008-487E-8027-2FEDEE191302}.Debug|x86.Build.0 = Debug|x86
		{75040A9C-4008-487E-8027-2FEDEE191302}.Release|Any CPU.ActiveCfg = Release|Any CPU
		{75040A9C-4008-487E-8027-2FEDEE191302}.Release|Any CPU.Build.0 = Release|Any CPU
		{75040A9C-4008-487E-8027-2FEDEE191302}.Release|ARM.ActiveCfg = Release|ARM
		{75040A9C-4008-487E-8027-2FEDEE191302}.Release|ARM.Build.0 = Release|ARM
		{75040A9C-4008-487E-8027-2FEDEE191302}.Release|x64.ActiveCfg = Release|x64
		{75040A9C-4008-487E-8027-2FEDEE191302}.Release|x64.Build.0 = Release|x64
		{75040A9C-4008-487E-8027-2FEDEE191302}.Release|x86.ActiveCfg = Release|x86
		{75040A9C-4008-487E-8027-2FEDEE191302}.Release|x86.Build.0 = Release|x86
		{CB9306A1-A4F9-4473-B8D7-95ADE2B3A0F2}.Debug|Any CPU.ActiveCfg = Debug|x86
		{CB9306A1-A4F9-4473-B8D7-95ADE2B3A0F2}.Debug|ARM.ActiveCfg = Debug|ARM
		{CB9306A1-A4F9-4473-B8D7-95ADE2B3A0F2}.Debug|ARM.Build.0 = Debug|ARM
		{CB9306A1-A4F9-4473-B8D7-95ADE2B3A0F2}.Debug|ARM.Deploy.0 = Debug|ARM
		{CB9306A1-A4F9-4473-B8D7-95ADE2B3A0F2}.Debug|x64.ActiveCfg = Debug|x64
		{CB9306A1-A4F9-4473-B8D7-95ADE2B3A0F2}.Debug|x64.Build.0 = Debug|x64
		{CB9306A1-A4F9-4473-B8D7-95ADE2B3A0F2}.Debug|x64.Deploy.0 = Debug|x64
		{CB9306A1-A4F9-4473-B8D7-95ADE2B3A0F2}.Debug|x86.ActiveCfg = Debug|x86
		{CB9306A1-A4F9-4473-B8D7-95ADE2B3A0F2}.Debug|x86.Build.0 = Debug|x86
		{CB9306A1-A4F9-4473-B8D7-95ADE2B3A0F2}.Debug|x86.Deploy.0 = Debug|x86
		{CB9306A1-A4F9-4473-B8D7-95ADE2B3A0F2}.Release|Any CPU.ActiveCfg = Release|x86
		{CB9306A1-A4F9-4473-B8D7-95ADE2B3A0F2}.Release|ARM.ActiveCfg = Release|ARM
		{CB9306A1-A4F9-4473-B8D7-95ADE2B3A0F2}.Release|ARM.Build.0 = Release|ARM
		{CB9306A1-A4F9-4473-B8D7-95ADE2B3A0F2}.Release|ARM.Deploy.0 = Release|ARM
		{CB9306A1-A4F9-4473-B8D7-95ADE2B3A0F2}.Release|x64.ActiveCfg = Release|x64
		{CB9306A1-A4F9-4473-B8D7-95ADE2B3A0F2}.Release|x64.Build.0 = Release|x64
		{CB9306A1-A4F9-4473-B8D7-95ADE2B3A0F2}.Release|x64.Deploy.0 = Release|x64
		{CB9306A1-A4F9-4473-B8D7-95ADE2B3A0F2}.Release|x86.ActiveCfg = Release|x86
		{CB9306A1-A4F9-4473-B8D7-95ADE2B3A0F2}.Release|x86.Build.0 = Release|x86
		{CB9306A1-A4F9-4473-B8D7-95ADE2B3A0F2}.Release|x86.Deploy.0 = Release|x86
	EndGlobalSection
	GlobalSection(SolutionProperties) = preSolution
		HideSolutionNode = FALSE
	EndGlobalSection
	GlobalSection(ExtensibilityGlobals) = postSolution
		SolutionGuid = {6F486E60-04AB-4A9B-B2D9-C64F7E40FCB9}
	EndGlobalSection
EndGlobal
