
Microsoft Visual Studio Solution File, Format Version 12.00
# Visual Studio 15
VisualStudioVersion = 15.0.28010.2026
MinimumVisualStudioVersion = 10.0.40219.1
Project("{9A19103F-16F7-4668-BE54-9A1E7A4F7556}") = "PiRelayPlate.NetCore", "PiRelayPlate.NetCore\PiRelayPlate.NetCore.csproj", "{5719A7FB-4302-4B97-B869-3C81C39BFD6F}"
EndProject
Project("{9A19103F-16F7-4668-BE54-9A1E7A4F7556}") = "PiRelayPlate.NetCore.TestConsole", "PiRelayPlate.NetCore.TestConsole\PiRelayPlate.NetCore.TestConsole.csproj", "{97079C52-1DF3-4B53-BC90-16F35FFC2EF0}"
EndProject
Global
	GlobalSection(SolutionConfigurationPlatforms) = preSolution
		Debug|Any CPU = Debug|Any CPU
		Release|Any CPU = Release|Any CPU
	EndGlobalSection
	GlobalSection(ProjectConfigurationPlatforms) = postSolution
		{5719A7FB-4302-4B97-B869-3C81C39BFD6F}.Debug|Any CPU.ActiveCfg = Debug|Any CPU
		{5719A7FB-4302-4B97-B869-3C81C39BFD6F}.Debug|Any CPU.Build.0 = Debug|Any CPU
		{5719A7FB-4302-4B97-B869-3C81C39BFD6F}.Release|Any CPU.ActiveCfg = Release|Any CPU
		{5719A7FB-4302-4B97-B869-3C81C39BFD6F}.Release|Any CPU.Build.0 = Release|Any CPU
		{97079C52-1DF3-4B53-BC90-16F35FFC2EF0}.Debug|Any CPU.ActiveCfg = Debug|Any CPU
		{97079C52-1DF3-4B53-BC90-16F35FFC2EF0}.Debug|Any CPU.Build.0 = Debug|Any CPU
		{97079C52-1DF3-4B53-BC90-16F35FFC2EF0}.Release|Any CPU.ActiveCfg = Release|Any CPU
		{97079C52-1DF3-4B53-BC90-16F35FFC2EF0}.Release|Any CPU.Build.0 = Release|Any CPU
	EndGlobalSection
	GlobalSection(SolutionProperties) = preSolution
		HideSolutionNode = FALSE
	EndGlobalSection
	GlobalSection(ExtensibilityGlobals) = postSolution
		SolutionGuid = {517776A1-6F44-4973-B74C-FDD1357249C2}
	EndGlobalSection
EndGlobal
